
Microsoft Visual Studio Solution File, Format Version 12.00
# Visual Studio Version 17
VisualStudioVersion = 17.11.35327.3
MinimumVisualStudioVersion = 10.0.40219.1
Project("{FAE04EC0-301F-11D3-BF4B-00C04F79EFBC}") = "Data", "Data\Data.csproj", "{1A2B3C4D-5E6F-7890-A1B2-C3D4E5F6A7B8}"
EndProject
Project("{FAE04EC0-301F-11D3-BF4B-00C04F79EFBC}") = "API", "API\API.csproj", "{2B3C4D5E-6F7A-8901-B2C3-D4E5F6A7B8C9}"
EndProject
Project("{FAE04EC0-301F-11D3-BF4B-00C04F79EFBC}") = "Web", "Web\Web.csproj", "{3C4D5E6F-7A8B-9012-C3D4-E5F6A7B8C9DA}"
EndProject
Project("{FAE04EC0-301F-11D3-BF4B-00C04F79EFBC}") = "Data.Postgres", "Data.Postgres\Data.Postgres.csproj", "{B0BB5E33-AD22-4160-8173-CB2233ED80EB}"
EndProject
Project("{FAE04EC0-301F-11D3-BF4B-00C04F79EFBC}") = "Models.Shared", "Models.Shared\Models.Shared.csproj", "{D1E2F3A4-B5C6-7890-D1E2-F3A4B5C67890}"
EndProject
Global
	GlobalSection(SolutionConfigurationPlatforms) = preSolution
		Debug|Any CPU = Debug|Any CPU
		Debug|x64 = Debug|x64
		Debug|x86 = Debug|x86
		Release|Any CPU = Release|Any CPU
		Release|x64 = Release|x64
		Release|x86 = Release|x86
	EndGlobalSection
	GlobalSection(ProjectConfigurationPlatforms) = postSolution
		{1A2B3C4D-5E6F-7890-A1B2-C3D4E5F6A7B8}.Debug|Any CPU.ActiveCfg = Debug|Any CPU
		{1A2B3C4D-5E6F-7890-A1B2-C3D4E5F6A7B8}.Debug|Any CPU.Build.0 = Debug|Any CPU
		{1A2B3C4D-5E6F-7890-A1B2-C3D4E5F6A7B8}.Debug|x64.ActiveCfg = Debug|Any CPU
		{1A2B3C4D-5E6F-7890-A1B2-C3D4E5F6A7B8}.Debug|x64.Build.0 = Debug|Any CPU
		{1A2B3C4D-5E6F-7890-A1B2-C3D4E5F6A7B8}.Debug|x86.ActiveCfg = Debug|Any CPU
		{1A2B3C4D-5E6F-7890-A1B2-C3D4E5F6A7B8}.Debug|x86.Build.0 = Debug|Any CPU
		{1A2B3C4D-5E6F-7890-A1B2-C3D4E5F6A7B8}.Release|Any CPU.ActiveCfg = Release|Any CPU
		{1A2B3C4D-5E6F-7890-A1B2-C3D4E5F6A7B8}.Release|Any CPU.Build.0 = Release|Any CPU
		{1A2B3C4D-5E6F-7890-A1B2-C3D4E5F6A7B8}.Release|x64.ActiveCfg = Release|Any CPU
		{1A2B3C4D-5E6F-7890-A1B2-C3D4E5F6A7B8}.Release|x64.Build.0 = Release|Any CPU
		{1A2B3C4D-5E6F-7890-A1B2-C3D4E5F6A7B8}.Release|x86.ActiveCfg = Release|Any CPU
		{1A2B3C4D-5E6F-7890-A1B2-C3D4E5F6A7B8}.Release|x86.Build.0 = Release|Any CPU
		{2B3C4D5E-6F7A-8901-B2C3-D4E5F6A7B8C9}.Debug|Any CPU.ActiveCfg = Debug|Any CPU
		{2B3C4D5E-6F7A-8901-B2C3-D4E5F6A7B8C9}.Debug|Any CPU.Build.0 = Debug|Any CPU
		{2B3C4D5E-6F7A-8901-B2C3-D4E5F6A7B8C9}.Debug|x64.ActiveCfg = Debug|Any CPU
		{2B3C4D5E-6F7A-8901-B2C3-D4E5F6A7B8C9}.Debug|x64.Build.0 = Debug|Any CPU
		{2B3C4D5E-6F7A-8901-B2C3-D4E5F6A7B8C9}.Debug|x86.ActiveCfg = Debug|Any CPU
		{2B3C4D5E-6F7A-8901-B2C3-D4E5F6A7B8C9}.Debug|x86.Build.0 = Debug|Any CPU
		{2B3C4D5E-6F7A-8901-B2C3-D4E5F6A7B8C9}.Release|Any CPU.ActiveCfg = Release|Any CPU
		{2B3C4D5E-6F7A-8901-B2C3-D4E5F6A7B8C9}.Release|Any CPU.Build.0 = Release|Any CPU
		{2B3C4D5E-6F7A-8901-B2C3-D4E5F6A7B8C9}.Release|x64.ActiveCfg = Release|Any CPU
		{2B3C4D5E-6F7A-8901-B2C3-D4E5F6A7B8C9}.Release|x64.Build.0 = Release|Any CPU
		{2B3C4D5E-6F7A-8901-B2C3-D4E5F6A7B8C9}.Release|x86.ActiveCfg = Release|Any CPU
		{2B3C4D5E-6F7A-8901-B2C3-D4E5F6A7B8C9}.Release|x86.Build.0 = Release|Any CPU
		{3C4D5E6F-7A8B-9012-C3D4-E5F6A7B8C9DA}.Debug|Any CPU.ActiveCfg = Debug|Any CPU
		{3C4D5E6F-7A8B-9012-C3D4-E5F6A7B8C9DA}.Debug|Any CPU.Build.0 = Debug|Any CPU
		{3C4D5E6F-7A8B-9012-C3D4-E5F6A7B8C9DA}.Debug|x64.ActiveCfg = Debug|Any CPU
		{3C4D5E6F-7A8B-9012-C3D4-E5F6A7B8C9DA}.Debug|x64.Build.0 = Debug|Any CPU
		{3C4D5E6F-7A8B-9012-C3D4-E5F6A7B8C9DA}.Debug|x86.ActiveCfg = Debug|Any CPU
		{3C4D5E6F-7A8B-9012-C3D4-E5F6A7B8C9DA}.Debug|x86.Build.0 = Debug|Any CPU
		{3C4D5E6F-7A8B-9012-C3D4-E5F6A7B8C9DA}.Release|Any CPU.ActiveCfg = Release|Any CPU
		{3C4D5E6F-7A8B-9012-C3D4-E5F6A7B8C9DA}.Release|Any CPU.Build.0 = Release|Any CPU
		{3C4D5E6F-7A8B-9012-C3D4-E5F6A7B8C9DA}.Release|x64.ActiveCfg = Release|Any CPU
		{3C4D5E6F-7A8B-9012-C3D4-E5F6A7B8C9DA}.Release|x64.Build.0 = Release|Any CPU
		{3C4D5E6F-7A8B-9012-C3D4-E5F6A7B8C9DA}.Release|x86.ActiveCfg = Release|Any CPU
		{3C4D5E6F-7A8B-9012-C3D4-E5F6A7B8C9DA}.Release|x86.Build.0 = Release|Any CPU
		{B0BB5E33-AD22-4160-8173-CB2233ED80EB}.Debug|Any CPU.ActiveCfg = Debug|Any CPU
		{B0BB5E33-AD22-4160-8173-CB2233ED80EB}.Debug|Any CPU.Build.0 = Debug|Any CPU
		{B0BB5E33-AD22-4160-8173-CB2233ED80EB}.Debug|x64.ActiveCfg = Debug|Any CPU
		{B0BB5E33-AD22-4160-8173-CB2233ED80EB}.Debug|x64.Build.0 = Debug|Any CPU
		{B0BB5E33-AD22-4160-8173-CB2233ED80EB}.Debug|x86.ActiveCfg = Debug|Any CPU
		{B0BB5E33-AD22-4160-8173-CB2233ED80EB}.Debug|x86.Build.0 = Debug|Any CPU
		{B0BB5E33-AD22-4160-8173-CB2233ED80EB}.Release|Any CPU.ActiveCfg = Release|Any CPU
		{B0BB5E33-AD22-4160-8173-CB2233ED80EB}.Release|Any CPU.Build.0 = Release|Any CPU
		{B0BB5E33-AD22-4160-8173-CB2233ED80EB}.Release|x64.ActiveCfg = Release|Any CPU
		{B0BB5E33-AD22-4160-8173-CB2233ED80EB}.Release|x64.Build.0 = Release|Any CPU
		{B0BB5E33-AD22-4160-8173-CB2233ED80EB}.Release|x86.ActiveCfg = Release|Any CPU
		{B0BB5E33-AD22-4160-8173-CB2233ED80EB}.Release|x86.Build.0 = Release|Any CPU
		{D1E2F3A4-B5C6-7890-D1E2-F3A4B5C67890}.Debug|Any CPU.ActiveCfg = Debug|Any CPU
		{D1E2F3A4-B5C6-7890-D1E2-F3A4B5C67890}.Debug|Any CPU.Build.0 = Debug|Any CPU
		{D1E2F3A4-B5C6-7890-D1E2-F3A4B5C67890}.Debug|x64.ActiveCfg = Debug|Any CPU
		{D1E2F3A4-B5C6-7890-D1E2-F3A4B5C67890}.Debug|x64.Build.0 = Debug|Any CPU
		{D1E2F3A4-B5C6-7890-D1E2-F3A4B5C67890}.Debug|x86.ActiveCfg = Debug|Any CPU
		{D1E2F3A4-B5C6-7890-D1E2-F3A4B5C67890}.Debug|x86.Build.0 = Debug|Any CPU
		{D1E2F3A4-B5C6-7890-D1E2-F3A4B5C67890}.Release|Any CPU.ActiveCfg = Release|Any CPU
		{D1E2F3A4-B5C6-7890-D1E2-F3A4B5C67890}.Release|Any CPU.Build.0 = Release|Any CPU
		{D1E2F3A4-B5C6-7890-D1E2-F3A4B5C67890}.Release|x64.ActiveCfg = Release|Any CPU
		{D1E2F3A4-B5C6-7890-D1E2-F3A4B5C67890}.Release|x64.Build.0 = Release|Any CPU
		{D1E2F3A4-B5C6-7890-D1E2-F3A4B5C67890}.Release|x86.ActiveCfg = Release|Any CPU
		{D1E2F3A4-B5C6-7890-D1E2-F3A4B5C67890}.Release|x86.Build.0 = Release|Any CPU
	EndGlobalSection
	GlobalSection(SolutionProperties) = preSolution
		HideSolutionNode = FALSE
	EndGlobalSection
EndGlobal
